
Microsoft Visual Studio Solution File, Format Version 12.00
# Visual Studio Version 17
VisualStudioVersion = 17.11.35208.52
MinimumVisualStudioVersion = 10.0.40219.1
Project("{9A19103F-16F7-4668-BE54-9A1E7A4F7556}") = "IssueTracker", "IssueTracker\IssueTracker.csproj", "{6F40534D-949D-4665-8D0E-7DBED147205B}"
EndProject
Global
	GlobalSection(SolutionConfigurationPlatforms) = preSolution
		Debug|Any CPU = Debug|Any CPU
		Release|Any CPU = Release|Any CPU
	EndGlobalSection
	GlobalSection(ProjectConfigurationPlatforms) = postSolution
		{6F40534D-949D-4665-8D0E-7DBED147205B}.Debug|Any CPU.ActiveCfg = Debug|Any CPU
		{6F40534D-949D-4665-8D0E-7DBED147205B}.Debug|Any CPU.Build.0 = Debug|Any CPU
		{6F40534D-949D-4665-8D0E-7DBED147205B}.Release|Any CPU.ActiveCfg = Release|Any CPU
		{6F40534D-949D-4665-8D0E-7DBED147205B}.Release|Any CPU.Build.0 = Release|Any CPU
	EndGlobalSection
	GlobalSection(SolutionProperties) = preSolution
		HideSolutionNode = FALSE
	EndGlobalSection
	GlobalSection(ExtensibilityGlobals) = postSolution
		SolutionGuid = {8F91B795-BD67-4732-B37D-4BCBB18A51FE}
	EndGlobalSection
EndGlobal
